
Microsoft Visual Studio Solution File, Format Version 12.00
# Visual Studio 15
VisualStudioVersion = 15.0.27703.2035
MinimumVisualStudioVersion = 10.0.40219.1
Project("{FAE04EC0-301F-11D3-BF4B-00C04F79EFBC}") = "DatabaseConnectedWritingWithUsing", "DatabaseConnectedWritingWithUsing\DatabaseConnectedWritingWithUsing.csproj", "{F88BDE7C-C07B-45AA-B464-4B216BA0921F}"
EndProject
Global
	GlobalSection(SolutionConfigurationPlatforms) = preSolution
		Debug|Any CPU = Debug|Any CPU
		Release|Any CPU = Release|Any CPU
	EndGlobalSection
	GlobalSection(ProjectConfigurationPlatforms) = postSolution
		{F88BDE7C-C07B-45AA-B464-4B216BA0921F}.Debug|Any CPU.ActiveCfg = Debug|Any CPU
		{F88BDE7C-C07B-45AA-B464-4B216BA0921F}.Debug|Any CPU.Build.0 = Debug|Any CPU
		{F88BDE7C-C07B-45AA-B464-4B216BA0921F}.Release|Any CPU.ActiveCfg = Release|Any CPU
		{F88BDE7C-C07B-45AA-B464-4B216BA0921F}.Release|Any CPU.Build.0 = Release|Any CPU
	EndGlobalSection
	GlobalSection(SolutionProperties) = preSolution
		HideSolutionNode = FALSE
	EndGlobalSection
	GlobalSection(ExtensibilityGlobals) = postSolution
		SolutionGuid = {57618E47-006F-41FD-9E04-275791D7B31C}
	EndGlobalSection
EndGlobal
